
Microsoft Visual Studio Solution File, Format Version 12.00
# Visual Studio Version 16
VisualStudioVersion = 16.0.30621.155
MinimumVisualStudioVersion = 10.0.40219.1
Project("{FAE04EC0-301F-11D3-BF4B-00C04F79EFBC}") = "TradeCategoryConsole", "TradeCategoryConsole\TradeCategoryConsole.csproj", "{D101D6B6-376E-4162-9402-1A6EDBB68BD4}"
EndProject
Global
	GlobalSection(SolutionConfigurationPlatforms) = preSolution
		Debug|Any CPU = Debug|Any CPU
		Release|Any CPU = Release|Any CPU
	EndGlobalSection
	GlobalSection(ProjectConfigurationPlatforms) = postSolution
		{D101D6B6-376E-4162-9402-1A6EDBB68BD4}.Debug|Any CPU.ActiveCfg = Debug|Any CPU
		{D101D6B6-376E-4162-9402-1A6EDBB68BD4}.Debug|Any CPU.Build.0 = Debug|Any CPU
		{D101D6B6-376E-4162-9402-1A6EDBB68BD4}.Release|Any CPU.ActiveCfg = Release|Any CPU
		{D101D6B6-376E-4162-9402-1A6EDBB68BD4}.Release|Any CPU.Build.0 = Release|Any CPU
	EndGlobalSection
	GlobalSection(SolutionProperties) = preSolution
		HideSolutionNode = FALSE
	EndGlobalSection
	GlobalSection(ExtensibilityGlobals) = postSolution
		SolutionGuid = {36B238DA-AAC6-42F4-B3FD-3239181BE0C3}
	EndGlobalSection
EndGlobal
